// !$*UTF8*$!
{
	archiveVersion = 1;
	classes = {
	};
	objectVersion = 52;
	objects = {

/* Begin PBXBuildFile section */
		762E52BE262F3BC10008A9C6 /* CacheFeedUseCaseTests.swift in Sources */ = {isa = PBXBuildFile; fileRef = 762E52BD262F3BC10008A9C6 /* CacheFeedUseCaseTests.swift */; };
		767BF26A25ADEC0E008A6FB8 /* FPFeed.framework in Frameworks */ = {isa = PBXBuildFile; fileRef = 76C34505252653EA00C07984 /* FPFeed.framework */; platformFilter = ios; };
		767BF26B25ADEC0E008A6FB8 /* FPFeed.framework in Embed Frameworks */ = {isa = PBXBuildFile; fileRef = 76C34505252653EA00C07984 /* FPFeed.framework */; platformFilter = ios; settings = {ATTRIBUTES = (CodeSignOnCopy, RemoveHeadersOnCopy, ); }; };
		767D4B5525ADD52C0049EF7B /* FPFeediOS.framework in Frameworks */ = {isa = PBXBuildFile; fileRef = 767D4B4C25ADD52C0049EF7B /* FPFeediOS.framework */; };
		767E109325ADD8390026E543 /* FeedViewControllerTests.swift in Sources */ = {isa = PBXBuildFile; fileRef = 767E109225ADD8390026E543 /* FeedViewControllerTests.swift */; };
		767F1AC32562D20500BAEDBE /* URLSessionHTTPClientTests.swift in Sources */ = {isa = PBXBuildFile; fileRef = 767F1AC22562D20500BAEDBE /* URLSessionHTTPClientTests.swift */; };
		76AB538F252FB1DE00756674 /* HTTPClient.swift in Sources */ = {isa = PBXBuildFile; fileRef = 76AB538E252FB1DE00756674 /* HTTPClient.swift */; };
		76AB5393252FB23D00756674 /* FeedItemsMapper.swift in Sources */ = {isa = PBXBuildFile; fileRef = 76AB5392252FB23D00756674 /* FeedItemsMapper.swift */; };
		76B6588925D5541C0012AE3E /* FPFeedAPIEndToEndTests.swift in Sources */ = {isa = PBXBuildFile; fileRef = 76B6588825D5541C0012AE3E /* FPFeedAPIEndToEndTests.swift */; };
		76B6588B25D5541C0012AE3E /* FPFeed.framework in Frameworks */ = {isa = PBXBuildFile; fileRef = 76C34505252653EA00C07984 /* FPFeed.framework */; };
		76C0E40225D6AC4000D0C0F6 /* XCTestCase + MemoryLeakTracking.swift in Sources */ = {isa = PBXBuildFile; fileRef = 76F2FD5425C1FCBA00629A95 /* XCTestCase + MemoryLeakTracking.swift */; };
		76C3450F252653EA00C07984 /* FPFeed.framework in Frameworks */ = {isa = PBXBuildFile; fileRef = 76C34505252653EA00C07984 /* FPFeed.framework */; };
		76C3452025265AF100C07984 /* FeedItem.swift in Sources */ = {isa = PBXBuildFile; fileRef = 76C3451F25265AF100C07984 /* FeedItem.swift */; };
		76C3452225265BAA00C07984 /* FeedLoader.swift in Sources */ = {isa = PBXBuildFile; fileRef = 76C3452125265BAA00C07984 /* FeedLoader.swift */; };
		76C3452525266AF100C07984 /* LoadFeedFromRemoteUseCaseTests.swift in Sources */ = {isa = PBXBuildFile; fileRef = 76C3452425266AF100C07984 /* LoadFeedFromRemoteUseCaseTests.swift */; };
		76E3BDCC252B30F600677F37 /* RemoteFeedLoader.swift in Sources */ = {isa = PBXBuildFile; fileRef = 76E3BDCB252B30F600677F37 /* RemoteFeedLoader.swift */; };
		76F2D86825D3012300C29C3E /* URLSessionHTTPClient.swift in Sources */ = {isa = PBXBuildFile; fileRef = 76F2D86725D3012300C29C3E /* URLSessionHTTPClient.swift */; };
		76F2FD5525C1FCBA00629A95 /* XCTestCase + MemoryLeakTracking.swift in Sources */ = {isa = PBXBuildFile; fileRef = 76F2FD5425C1FCBA00629A95 /* XCTestCase + MemoryLeakTracking.swift */; };
/* End PBXBuildFile section */

/* Begin PBXContainerItemProxy section */
		767BF26C25ADEC0E008A6FB8 /* PBXContainerItemProxy */ = {
			isa = PBXContainerItemProxy;
			containerPortal = 76C344FC252653EA00C07984 /* Project object */;
			proxyType = 1;
			remoteGlobalIDString = 76C34504252653EA00C07984;
			remoteInfo = FPFeed;
		};
		767D4B5625ADD52C0049EF7B /* PBXContainerItemProxy */ = {
			isa = PBXContainerItemProxy;
			containerPortal = 76C344FC252653EA00C07984 /* Project object */;
			proxyType = 1;
			remoteGlobalIDString = 767D4B4B25ADD52C0049EF7B;
			remoteInfo = FPFeediOS;
		};
		76B6588C25D5541C0012AE3E /* PBXContainerItemProxy */ = {
			isa = PBXContainerItemProxy;
			containerPortal = 76C344FC252653EA00C07984 /* Project object */;
			proxyType = 1;
			remoteGlobalIDString = 76C34504252653EA00C07984;
			remoteInfo = FPFeed;
		};
		76C34510252653EA00C07984 /* PBXContainerItemProxy */ = {
			isa = PBXContainerItemProxy;
			containerPortal = 76C344FC252653EA00C07984 /* Project object */;
			proxyType = 1;
			remoteGlobalIDString = 76C34504252653EA00C07984;
			remoteInfo = FPFeed;
		};
/* End PBXContainerItemProxy section */

/* Begin PBXCopyFilesBuildPhase section */
		767BF26E25ADEC0E008A6FB8 /* Embed Frameworks */ = {
			isa = PBXCopyFilesBuildPhase;
			buildActionMask = 2147483647;
			dstPath = "";
			dstSubfolderSpec = 10;
			files = (
				767BF26B25ADEC0E008A6FB8 /* FPFeed.framework in Embed Frameworks */,
			);
			name = "Embed Frameworks";
			runOnlyForDeploymentPostprocessing = 0;
		};
/* End PBXCopyFilesBuildPhase section */

/* Begin PBXFileReference section */
		762E52BD262F3BC10008A9C6 /* CacheFeedUseCaseTests.swift */ = {isa = PBXFileReference; lastKnownFileType = sourcecode.swift; path = CacheFeedUseCaseTests.swift; sourceTree = "<group>"; };
		767D4B4C25ADD52C0049EF7B /* FPFeediOS.framework */ = {isa = PBXFileReference; explicitFileType = wrapper.framework; includeInIndex = 0; path = FPFeediOS.framework; sourceTree = BUILT_PRODUCTS_DIR; };
		767D4B4F25ADD52C0049EF7B /* Info.plist */ = {isa = PBXFileReference; lastKnownFileType = text.plist.xml; path = Info.plist; sourceTree = "<group>"; };
		767D4B5425ADD52C0049EF7B /* FPFeediOSTests.xctest */ = {isa = PBXFileReference; explicitFileType = wrapper.cfbundle; includeInIndex = 0; path = FPFeediOSTests.xctest; sourceTree = BUILT_PRODUCTS_DIR; };
		767D4B5B25ADD52C0049EF7B /* Info.plist */ = {isa = PBXFileReference; lastKnownFileType = text.plist.xml; path = Info.plist; sourceTree = "<group>"; };
		767E109225ADD8390026E543 /* FeedViewControllerTests.swift */ = {isa = PBXFileReference; lastKnownFileType = sourcecode.swift; path = FeedViewControllerTests.swift; sourceTree = "<group>"; };
		767F1AC22562D20500BAEDBE /* URLSessionHTTPClientTests.swift */ = {isa = PBXFileReference; lastKnownFileType = sourcecode.swift; path = URLSessionHTTPClientTests.swift; sourceTree = "<group>"; };
		76AB538E252FB1DE00756674 /* HTTPClient.swift */ = {isa = PBXFileReference; lastKnownFileType = sourcecode.swift; path = HTTPClient.swift; sourceTree = "<group>"; };
		76AB5392252FB23D00756674 /* FeedItemsMapper.swift */ = {isa = PBXFileReference; lastKnownFileType = sourcecode.swift; path = FeedItemsMapper.swift; sourceTree = "<group>"; };
		76B6588625D5541C0012AE3E /* FPFeedAPIEndToEndTests.xctest */ = {isa = PBXFileReference; explicitFileType = wrapper.cfbundle; includeInIndex = 0; path = FPFeedAPIEndToEndTests.xctest; sourceTree = BUILT_PRODUCTS_DIR; };
		76B6588825D5541C0012AE3E /* FPFeedAPIEndToEndTests.swift */ = {isa = PBXFileReference; lastKnownFileType = sourcecode.swift; path = FPFeedAPIEndToEndTests.swift; sourceTree = "<group>"; };
		76B6588A25D5541C0012AE3E /* Info.plist */ = {isa = PBXFileReference; lastKnownFileType = text.plist.xml; path = Info.plist; sourceTree = "<group>"; };
		76C34505252653EA00C07984 /* FPFeed.framework */ = {isa = PBXFileReference; explicitFileType = wrapper.framework; includeInIndex = 0; path = FPFeed.framework; sourceTree = BUILT_PRODUCTS_DIR; };
		76C34509252653EA00C07984 /* Info.plist */ = {isa = PBXFileReference; lastKnownFileType = text.plist.xml; path = Info.plist; sourceTree = "<group>"; };
		76C3450E252653EA00C07984 /* FPFeedTests.xctest */ = {isa = PBXFileReference; explicitFileType = wrapper.cfbundle; includeInIndex = 0; path = FPFeedTests.xctest; sourceTree = BUILT_PRODUCTS_DIR; };
		76C34515252653EA00C07984 /* Info.plist */ = {isa = PBXFileReference; lastKnownFileType = text.plist.xml; path = Info.plist; sourceTree = "<group>"; };
		76C3451F25265AF100C07984 /* FeedItem.swift */ = {isa = PBXFileReference; lastKnownFileType = sourcecode.swift; path = FeedItem.swift; sourceTree = "<group>"; };
		76C3452125265BAA00C07984 /* FeedLoader.swift */ = {isa = PBXFileReference; lastKnownFileType = sourcecode.swift; path = FeedLoader.swift; sourceTree = "<group>"; };
		76C3452425266AF100C07984 /* LoadFeedFromRemoteUseCaseTests.swift */ = {isa = PBXFileReference; lastKnownFileType = sourcecode.swift; path = LoadFeedFromRemoteUseCaseTests.swift; sourceTree = "<group>"; };
		76E3BDCB252B30F600677F37 /* RemoteFeedLoader.swift */ = {isa = PBXFileReference; lastKnownFileType = sourcecode.swift; path = RemoteFeedLoader.swift; sourceTree = "<group>"; };
		76F2D86725D3012300C29C3E /* URLSessionHTTPClient.swift */ = {isa = PBXFileReference; lastKnownFileType = sourcecode.swift; path = URLSessionHTTPClient.swift; sourceTree = "<group>"; };
		76F2FD5425C1FCBA00629A95 /* XCTestCase + MemoryLeakTracking.swift */ = {isa = PBXFileReference; lastKnownFileType = sourcecode.swift; path = "XCTestCase + MemoryLeakTracking.swift"; sourceTree = "<group>"; };
/* End PBXFileReference section */

/* Begin PBXFrameworksBuildPhase section */
		767D4B4925ADD52C0049EF7B /* Frameworks */ = {
			isa = PBXFrameworksBuildPhase;
			buildActionMask = 2147483647;
			files = (
				767BF26A25ADEC0E008A6FB8 /* FPFeed.framework in Frameworks */,
			);
			runOnlyForDeploymentPostprocessing = 0;
		};
		767D4B5125ADD52C0049EF7B /* Frameworks */ = {
			isa = PBXFrameworksBuildPhase;
			buildActionMask = 2147483647;
			files = (
				767D4B5525ADD52C0049EF7B /* FPFeediOS.framework in Frameworks */,
			);
			runOnlyForDeploymentPostprocessing = 0;
		};
		76B6588325D5541C0012AE3E /* Frameworks */ = {
			isa = PBXFrameworksBuildPhase;
			buildActionMask = 2147483647;
			files = (
				76B6588B25D5541C0012AE3E /* FPFeed.framework in Frameworks */,
			);
			runOnlyForDeploymentPostprocessing = 0;
		};
		76C34502252653EA00C07984 /* Frameworks */ = {
			isa = PBXFrameworksBuildPhase;
			buildActionMask = 2147483647;
			files = (
			);
			runOnlyForDeploymentPostprocessing = 0;
		};
		76C3450B252653EA00C07984 /* Frameworks */ = {
			isa = PBXFrameworksBuildPhase;
			buildActionMask = 2147483647;
			files = (
				76C3450F252653EA00C07984 /* FPFeed.framework in Frameworks */,
			);
			runOnlyForDeploymentPostprocessing = 0;
		};
/* End PBXFrameworksBuildPhase section */

/* Begin PBXGroup section */
		762E52BC262F3B750008A9C6 /* Feed Cache */ = {
			isa = PBXGroup;
			children = (
				762E52BD262F3BC10008A9C6 /* CacheFeedUseCaseTests.swift */,
			);
			path = "Feed Cache";
			sourceTree = "<group>";
		};
		767BF26925ADEC0E008A6FB8 /* Frameworks */ = {
			isa = PBXGroup;
			children = (
			);
			name = Frameworks;
			sourceTree = "<group>";
		};
		767D4B4D25ADD52C0049EF7B /* FPFeediOS */ = {
			isa = PBXGroup;
			children = (
				767D4B4F25ADD52C0049EF7B /* Info.plist */,
			);
			path = FPFeediOS;
			sourceTree = "<group>";
		};
		767D4B5825ADD52C0049EF7B /* FPFeediOSTests */ = {
			isa = PBXGroup;
			children = (
				767D4B5B25ADD52C0049EF7B /* Info.plist */,
				767E109225ADD8390026E543 /* FeedViewControllerTests.swift */,
			);
			path = FPFeediOSTests;
			sourceTree = "<group>";
		};
		76AB5396252FC4B700756674 /* Feed API */ = {
			isa = PBXGroup;
			children = (
				76C3452425266AF100C07984 /* LoadFeedFromRemoteUseCaseTests.swift */,
				767F1AC22562D20500BAEDBE /* URLSessionHTTPClientTests.swift */,
			);
			path = "Feed API";
			sourceTree = "<group>";
		};
		76B6588725D5541C0012AE3E /* FPFeedAPIEndToEndTests */ = {
			isa = PBXGroup;
			children = (
				76B6588825D5541C0012AE3E /* FPFeedAPIEndToEndTests.swift */,
				76B6588A25D5541C0012AE3E /* Info.plist */,
			);
			path = FPFeedAPIEndToEndTests;
			sourceTree = "<group>";
		};
		76C344FB252653EA00C07984 = {
			isa = PBXGroup;
			children = (
				76C34507252653EA00C07984 /* FPFeed */,
				76C34512252653EA00C07984 /* FPFeedTests */,
				767D4B4D25ADD52C0049EF7B /* FPFeediOS */,
				767D4B5825ADD52C0049EF7B /* FPFeediOSTests */,
				76B6588725D5541C0012AE3E /* FPFeedAPIEndToEndTests */,
				76C34506252653EA00C07984 /* Products */,
				767BF26925ADEC0E008A6FB8 /* Frameworks */,
			);
			sourceTree = "<group>";
		};
		76C34506252653EA00C07984 /* Products */ = {
			isa = PBXGroup;
			children = (
				76C34505252653EA00C07984 /* FPFeed.framework */,
				76C3450E252653EA00C07984 /* FPFeedTests.xctest */,
				767D4B4C25ADD52C0049EF7B /* FPFeediOS.framework */,
				767D4B5425ADD52C0049EF7B /* FPFeediOSTests.xctest */,
				76B6588625D5541C0012AE3E /* FPFeedAPIEndToEndTests.xctest */,
			);
			name = Products;
			sourceTree = "<group>";
		};
		76C34507252653EA00C07984 /* FPFeed */ = {
			isa = PBXGroup;
			children = (
				76C34509252653EA00C07984 /* Info.plist */,
				76C3452325265C9400C07984 /* Feed Feature */,
				76E3BDCA252B30DE00677F37 /* Feed Api */,
			);
			path = FPFeed;
			sourceTree = "<group>";
		};
		76C34512252653EA00C07984 /* FPFeedTests */ = {
			isa = PBXGroup;
			children = (
				76F2FD5325C1FC9900629A95 /* Helpers */,
				762E52BC262F3B750008A9C6 /* Feed Cache */,
				76AB5396252FC4B700756674 /* Feed API */,
				76C34515252653EA00C07984 /* Info.plist */,
			);
			path = FPFeedTests;
			sourceTree = "<group>";
		};
		76C3452325265C9400C07984 /* Feed Feature */ = {
			isa = PBXGroup;
			children = (
				76C3451F25265AF100C07984 /* FeedItem.swift */,
				76C3452125265BAA00C07984 /* FeedLoader.swift */,
			);
			path = "Feed Feature";
			sourceTree = "<group>";
		};
		76E3BDCA252B30DE00677F37 /* Feed Api */ = {
			isa = PBXGroup;
			children = (
				76E3BDCB252B30F600677F37 /* RemoteFeedLoader.swift */,
				76AB5392252FB23D00756674 /* FeedItemsMapper.swift */,
				76AB538E252FB1DE00756674 /* HTTPClient.swift */,
				76F2D86725D3012300C29C3E /* URLSessionHTTPClient.swift */,
			);
			path = "Feed Api";
			sourceTree = "<group>";
		};
		76F2FD5325C1FC9900629A95 /* Helpers */ = {
			isa = PBXGroup;
			children = (
				76F2FD5425C1FCBA00629A95 /* XCTestCase + MemoryLeakTracking.swift */,
			);
			path = Helpers;
			sourceTree = "<group>";
		};
/* End PBXGroup section */

/* Begin PBXHeadersBuildPhase section */
		767D4B4725ADD52C0049EF7B /* Headers */ = {
			isa = PBXHeadersBuildPhase;
			buildActionMask = 2147483647;
			files = (
			);
			runOnlyForDeploymentPostprocessing = 0;
		};
		76C34500252653EA00C07984 /* Headers */ = {
			isa = PBXHeadersBuildPhase;
			buildActionMask = 2147483647;
			files = (
			);
			runOnlyForDeploymentPostprocessing = 0;
		};
/* End PBXHeadersBuildPhase section */

/* Begin PBXNativeTarget section */
		767D4B4B25ADD52C0049EF7B /* FPFeediOS */ = {
			isa = PBXNativeTarget;
			buildConfigurationList = 767D4B5D25ADD52C0049EF7B /* Build configuration list for PBXNativeTarget "FPFeediOS" */;
			buildPhases = (
				767D4B4725ADD52C0049EF7B /* Headers */,
				767D4B4825ADD52C0049EF7B /* Sources */,
				767D4B4925ADD52C0049EF7B /* Frameworks */,
				767D4B4A25ADD52C0049EF7B /* Resources */,
				767BF26E25ADEC0E008A6FB8 /* Embed Frameworks */,
			);
			buildRules = (
			);
			dependencies = (
				767BF26D25ADEC0E008A6FB8 /* PBXTargetDependency */,
			);
			name = FPFeediOS;
			productName = FPFeediOS;
			productReference = 767D4B4C25ADD52C0049EF7B /* FPFeediOS.framework */;
			productType = "com.apple.product-type.framework";
		};
		767D4B5325ADD52C0049EF7B /* FPFeediOSTests */ = {
			isa = PBXNativeTarget;
			buildConfigurationList = 767D4B6025ADD52C0049EF7B /* Build configuration list for PBXNativeTarget "FPFeediOSTests" */;
			buildPhases = (
				767D4B5025ADD52C0049EF7B /* Sources */,
				767D4B5125ADD52C0049EF7B /* Frameworks */,
				767D4B5225ADD52C0049EF7B /* Resources */,
			);
			buildRules = (
			);
			dependencies = (
				767D4B5725ADD52C0049EF7B /* PBXTargetDependency */,
			);
			name = FPFeediOSTests;
			productName = FPFeediOSTests;
			productReference = 767D4B5425ADD52C0049EF7B /* FPFeediOSTests.xctest */;
			productType = "com.apple.product-type.bundle.unit-test";
		};
		76B6588525D5541C0012AE3E /* FPFeedAPIEndToEndTests */ = {
			isa = PBXNativeTarget;
			buildConfigurationList = 76B6589025D5541C0012AE3E /* Build configuration list for PBXNativeTarget "FPFeedAPIEndToEndTests" */;
			buildPhases = (
				76B6588225D5541C0012AE3E /* Sources */,
				76B6588325D5541C0012AE3E /* Frameworks */,
				76B6588425D5541C0012AE3E /* Resources */,
			);
			buildRules = (
			);
			dependencies = (
				76B6588D25D5541C0012AE3E /* PBXTargetDependency */,
			);
			name = FPFeedAPIEndToEndTests;
			productName = FPFeedAPIEndToEndTests;
			productReference = 76B6588625D5541C0012AE3E /* FPFeedAPIEndToEndTests.xctest */;
			productType = "com.apple.product-type.bundle.unit-test";
		};
		76C34504252653EA00C07984 /* FPFeed */ = {
			isa = PBXNativeTarget;
			buildConfigurationList = 76C34519252653EA00C07984 /* Build configuration list for PBXNativeTarget "FPFeed" */;
			buildPhases = (
				76C34500252653EA00C07984 /* Headers */,
				76C34501252653EA00C07984 /* Sources */,
				76C34502252653EA00C07984 /* Frameworks */,
				76C34503252653EA00C07984 /* Resources */,
			);
			buildRules = (
			);
			dependencies = (
			);
			name = FPFeed;
			productName = FPFeed;
			productReference = 76C34505252653EA00C07984 /* FPFeed.framework */;
			productType = "com.apple.product-type.framework";
		};
		76C3450D252653EA00C07984 /* FPFeedTests */ = {
			isa = PBXNativeTarget;
			buildConfigurationList = 76C3451C252653EA00C07984 /* Build configuration list for PBXNativeTarget "FPFeedTests" */;
			buildPhases = (
				76C3450A252653EA00C07984 /* Sources */,
				76C3450B252653EA00C07984 /* Frameworks */,
				76C3450C252653EA00C07984 /* Resources */,
			);
			buildRules = (
			);
			dependencies = (
				76C34511252653EA00C07984 /* PBXTargetDependency */,
			);
			name = FPFeedTests;
			productName = FPFeedTests;
			productReference = 76C3450E252653EA00C07984 /* FPFeedTests.xctest */;
			productType = "com.apple.product-type.bundle.unit-test";
		};
/* End PBXNativeTarget section */

/* Begin PBXProject section */
		76C344FC252653EA00C07984 /* Project object */ = {
			isa = PBXProject;
			attributes = {
				LastSwiftUpdateCheck = 1220;
				LastUpgradeCheck = 1150;
				ORGANIZATIONNAME = eFePe;
				TargetAttributes = {
					767D4B4B25ADD52C0049EF7B = {
						CreatedOnToolsVersion = 12.2;
					};
					767D4B5325ADD52C0049EF7B = {
						CreatedOnToolsVersion = 12.2;
						LastSwiftMigration = 1220;
					};
					76B6588525D5541C0012AE3E = {
						CreatedOnToolsVersion = 12.2;
					};
					76C34504252653EA00C07984 = {
						CreatedOnToolsVersion = 11.5;
						LastSwiftMigration = 1150;
					};
					76C3450D252653EA00C07984 = {
						CreatedOnToolsVersion = 11.5;
						LastSwiftMigration = 1150;
					};
				};
			};
			buildConfigurationList = 76C344FF252653EA00C07984 /* Build configuration list for PBXProject "FPFeed" */;
			compatibilityVersion = "Xcode 9.3";
			developmentRegion = en;
			hasScannedForEncodings = 0;
			knownRegions = (
				en,
				Base,
			);
			mainGroup = 76C344FB252653EA00C07984;
			productRefGroup = 76C34506252653EA00C07984 /* Products */;
			projectDirPath = "";
			projectRoot = "";
			targets = (
				76C34504252653EA00C07984 /* FPFeed */,
				76C3450D252653EA00C07984 /* FPFeedTests */,
				767D4B4B25ADD52C0049EF7B /* FPFeediOS */,
				767D4B5325ADD52C0049EF7B /* FPFeediOSTests */,
				76B6588525D5541C0012AE3E /* FPFeedAPIEndToEndTests */,
			);
		};
/* End PBXProject section */

/* Begin PBXResourcesBuildPhase section */
		767D4B4A25ADD52C0049EF7B /* Resources */ = {
			isa = PBXResourcesBuildPhase;
			buildActionMask = 2147483647;
			files = (
			);
			runOnlyForDeploymentPostprocessing = 0;
		};
		767D4B5225ADD52C0049EF7B /* Resources */ = {
			isa = PBXResourcesBuildPhase;
			buildActionMask = 2147483647;
			files = (
			);
			runOnlyForDeploymentPostprocessing = 0;
		};
		76B6588425D5541C0012AE3E /* Resources */ = {
			isa = PBXResourcesBuildPhase;
			buildActionMask = 2147483647;
			files = (
			);
			runOnlyForDeploymentPostprocessing = 0;
		};
		76C34503252653EA00C07984 /* Resources */ = {
			isa = PBXResourcesBuildPhase;
			buildActionMask = 2147483647;
			files = (
			);
			runOnlyForDeploymentPostprocessing = 0;
		};
		76C3450C252653EA00C07984 /* Resources */ = {
			isa = PBXResourcesBuildPhase;
			buildActionMask = 2147483647;
			files = (
			);
			runOnlyForDeploymentPostprocessing = 0;
		};
/* End PBXResourcesBuildPhase section */

/* Begin PBXSourcesBuildPhase section */
		767D4B4825ADD52C0049EF7B /* Sources */ = {
			isa = PBXSourcesBuildPhase;
			buildActionMask = 2147483647;
			files = (
			);
			runOnlyForDeploymentPostprocessing = 0;
		};
		767D4B5025ADD52C0049EF7B /* Sources */ = {
			isa = PBXSourcesBuildPhase;
			buildActionMask = 2147483647;
			files = (
				767E109325ADD8390026E543 /* FeedViewControllerTests.swift in Sources */,
			);
			runOnlyForDeploymentPostprocessing = 0;
		};
		76B6588225D5541C0012AE3E /* Sources */ = {
			isa = PBXSourcesBuildPhase;
			buildActionMask = 2147483647;
			files = (
				76B6588925D5541C0012AE3E /* FPFeedAPIEndToEndTests.swift in Sources */,
				76C0E40225D6AC4000D0C0F6 /* XCTestCase + MemoryLeakTracking.swift in Sources */,
			);
			runOnlyForDeploymentPostprocessing = 0;
		};
		76C34501252653EA00C07984 /* Sources */ = {
			isa = PBXSourcesBuildPhase;
			buildActionMask = 2147483647;
			files = (
				76AB5393252FB23D00756674 /* FeedItemsMapper.swift in Sources */,
				76C3452225265BAA00C07984 /* FeedLoader.swift in Sources */,
				76E3BDCC252B30F600677F37 /* RemoteFeedLoader.swift in Sources */,
				76AB538F252FB1DE00756674 /* HTTPClient.swift in Sources */,
				76C3452025265AF100C07984 /* FeedItem.swift in Sources */,
				76F2D86825D3012300C29C3E /* URLSessionHTTPClient.swift in Sources */,
			);
			runOnlyForDeploymentPostprocessing = 0;
		};
		76C3450A252653EA00C07984 /* Sources */ = {
			isa = PBXSourcesBuildPhase;
			buildActionMask = 2147483647;
			files = (
				76C3452525266AF100C07984 /* LoadFeedFromRemoteUseCaseTests.swift in Sources */,
				767F1AC32562D20500BAEDBE /* URLSessionHTTPClientTests.swift in Sources */,
				762E52BE262F3BC10008A9C6 /* CacheFeedUseCaseTests.swift in Sources */,
				76F2FD5525C1FCBA00629A95 /* XCTestCase + MemoryLeakTracking.swift in Sources */,
			);
			runOnlyForDeploymentPostprocessing = 0;
		};
/* End PBXSourcesBuildPhase section */

/* Begin PBXTargetDependency section */
		767BF26D25ADEC0E008A6FB8 /* PBXTargetDependency */ = {
			isa = PBXTargetDependency;
			platformFilter = ios;
			target = 76C34504252653EA00C07984 /* FPFeed */;
			targetProxy = 767BF26C25ADEC0E008A6FB8 /* PBXContainerItemProxy */;
		};
		767D4B5725ADD52C0049EF7B /* PBXTargetDependency */ = {
			isa = PBXTargetDependency;
			target = 767D4B4B25ADD52C0049EF7B /* FPFeediOS */;
			targetProxy = 767D4B5625ADD52C0049EF7B /* PBXContainerItemProxy */;
		};
		76B6588D25D5541C0012AE3E /* PBXTargetDependency */ = {
			isa = PBXTargetDependency;
			target = 76C34504252653EA00C07984 /* FPFeed */;
			targetProxy = 76B6588C25D5541C0012AE3E /* PBXContainerItemProxy */;
		};
		76C34511252653EA00C07984 /* PBXTargetDependency */ = {
			isa = PBXTargetDependency;
			target = 76C34504252653EA00C07984 /* FPFeed */;
			targetProxy = 76C34510252653EA00C07984 /* PBXContainerItemProxy */;
		};
/* End PBXTargetDependency section */

/* Begin XCBuildConfiguration section */
		767D4B5E25ADD52C0049EF7B /* Debug */ = {
			isa = XCBuildConfiguration;
			buildSettings = {
				CLANG_WARN_QUOTED_INCLUDE_IN_FRAMEWORK_HEADER = YES;
				CODE_SIGN_STYLE = Automatic;
				DEFINES_MODULE = YES;
				DEVELOPMENT_TEAM = F342975UV4;
				DYLIB_COMPATIBILITY_VERSION = 1;
				DYLIB_CURRENT_VERSION = 1;
				DYLIB_INSTALL_NAME_BASE = "@rpath";
				INFOPLIST_FILE = FPFeediOS/Info.plist;
				INSTALL_PATH = "$(LOCAL_LIBRARY_DIR)/Frameworks";
				IPHONEOS_DEPLOYMENT_TARGET = 14.2;
				LD_RUNPATH_SEARCH_PATHS = (
					"$(inherited)",
					"@executable_path/Frameworks",
					"@loader_path/Frameworks",
				);
				PRODUCT_BUNDLE_IDENTIFIER = net.efepe.FPFeediOS;
				PRODUCT_NAME = "$(TARGET_NAME:c99extidentifier)";
				SDKROOT = iphoneos;
				SKIP_INSTALL = YES;
				SWIFT_VERSION = 5.0;
				TARGETED_DEVICE_FAMILY = "1,2";
			};
			name = Debug;
		};
		767D4B5F25ADD52C0049EF7B /* Release */ = {
			isa = XCBuildConfiguration;
			buildSettings = {
				CLANG_WARN_QUOTED_INCLUDE_IN_FRAMEWORK_HEADER = YES;
				CODE_SIGN_STYLE = Automatic;
				DEFINES_MODULE = YES;
				DEVELOPMENT_TEAM = F342975UV4;
				DYLIB_COMPATIBILITY_VERSION = 1;
				DYLIB_CURRENT_VERSION = 1;
				DYLIB_INSTALL_NAME_BASE = "@rpath";
				INFOPLIST_FILE = FPFeediOS/Info.plist;
				INSTALL_PATH = "$(LOCAL_LIBRARY_DIR)/Frameworks";
				IPHONEOS_DEPLOYMENT_TARGET = 14.2;
				LD_RUNPATH_SEARCH_PATHS = (
					"$(inherited)",
					"@executable_path/Frameworks",
					"@loader_path/Frameworks",
				);
				PRODUCT_BUNDLE_IDENTIFIER = net.efepe.FPFeediOS;
				PRODUCT_NAME = "$(TARGET_NAME:c99extidentifier)";
				SDKROOT = iphoneos;
				SKIP_INSTALL = YES;
				SWIFT_VERSION = 5.0;
				TARGETED_DEVICE_FAMILY = "1,2";
				VALIDATE_PRODUCT = YES;
			};
			name = Release;
		};
		767D4B6125ADD52C0049EF7B /* Debug */ = {
			isa = XCBuildConfiguration;
			buildSettings = {
				CLANG_ENABLE_MODULES = YES;
				CLANG_WARN_QUOTED_INCLUDE_IN_FRAMEWORK_HEADER = YES;
				CODE_SIGN_STYLE = Automatic;
				DEVELOPMENT_TEAM = F342975UV4;
				INFOPLIST_FILE = FPFeediOSTests/Info.plist;
				IPHONEOS_DEPLOYMENT_TARGET = 14.2;
				LD_RUNPATH_SEARCH_PATHS = (
					"$(inherited)",
					"@executable_path/Frameworks",
					"@loader_path/Frameworks",
				);
				PRODUCT_BUNDLE_IDENTIFIER = net.efepe.FPFeediOSTests;
				PRODUCT_NAME = "$(TARGET_NAME)";
				SDKROOT = iphoneos;
				SWIFT_OPTIMIZATION_LEVEL = "-Onone";
				SWIFT_VERSION = 5.0;
				TARGETED_DEVICE_FAMILY = "1,2";
			};
			name = Debug;
		};
		767D4B6225ADD52C0049EF7B /* Release */ = {
			isa = XCBuildConfiguration;
			buildSettings = {
				CLANG_ENABLE_MODULES = YES;
				CLANG_WARN_QUOTED_INCLUDE_IN_FRAMEWORK_HEADER = YES;
				CODE_SIGN_STYLE = Automatic;
				DEVELOPMENT_TEAM = F342975UV4;
				INFOPLIST_FILE = FPFeediOSTests/Info.plist;
				IPHONEOS_DEPLOYMENT_TARGET = 14.2;
				LD_RUNPATH_SEARCH_PATHS = (
					"$(inherited)",
					"@executable_path/Frameworks",
					"@loader_path/Frameworks",
				);
				PRODUCT_BUNDLE_IDENTIFIER = net.efepe.FPFeediOSTests;
				PRODUCT_NAME = "$(TARGET_NAME)";
				SDKROOT = iphoneos;
				SWIFT_VERSION = 5.0;
				TARGETED_DEVICE_FAMILY = "1,2";
				VALIDATE_PRODUCT = YES;
			};
			name = Release;
		};
		76B6588E25D5541C0012AE3E /* Debug */ = {
			isa = XCBuildConfiguration;
			buildSettings = {
				CLANG_WARN_QUOTED_INCLUDE_IN_FRAMEWORK_HEADER = YES;
				CODE_SIGN_STYLE = Automatic;
				COMBINE_HIDPI_IMAGES = YES;
				DEVELOPMENT_TEAM = F342975UV4;
				INFOPLIST_FILE = FPFeedAPIEndToEndTests/Info.plist;
				LD_RUNPATH_SEARCH_PATHS = (
					"$(inherited)",
					"@executable_path/../Frameworks",
					"@loader_path/../Frameworks",
				);
				MACOSX_DEPLOYMENT_TARGET = 11.0;
				PRODUCT_BUNDLE_IDENTIFIER = net.efepe.FPFeedAPIEndToEndTests;
				PRODUCT_NAME = "$(TARGET_NAME)";
				SWIFT_VERSION = 5.0;
			};
			name = Debug;
		};
		76B6588F25D5541C0012AE3E /* Release */ = {
			isa = XCBuildConfiguration;
			buildSettings = {
				CLANG_WARN_QUOTED_INCLUDE_IN_FRAMEWORK_HEADER = YES;
				CODE_SIGN_STYLE = Automatic;
				COMBINE_HIDPI_IMAGES = YES;
				DEVELOPMENT_TEAM = F342975UV4;
				INFOPLIST_FILE = FPFeedAPIEndToEndTests/Info.plist;
				LD_RUNPATH_SEARCH_PATHS = (
					"$(inherited)",
					"@executable_path/../Frameworks",
					"@loader_path/../Frameworks",
				);
				MACOSX_DEPLOYMENT_TARGET = 11.0;
				PRODUCT_BUNDLE_IDENTIFIER = net.efepe.FPFeedAPIEndToEndTests;
				PRODUCT_NAME = "$(TARGET_NAME)";
				SWIFT_VERSION = 5.0;
			};
			name = Release;
		};
		76C34517252653EA00C07984 /* Debug */ = {
			isa = XCBuildConfiguration;
			buildSettings = {
				ALWAYS_SEARCH_USER_PATHS = NO;
				CLANG_ANALYZER_NONNULL = YES;
				CLANG_ANALYZER_NUMBER_OBJECT_CONVERSION = YES_AGGRESSIVE;
				CLANG_CXX_LANGUAGE_STANDARD = "gnu++14";
				CLANG_CXX_LIBRARY = "libc++";
				CLANG_ENABLE_MODULES = YES;
				CLANG_ENABLE_OBJC_ARC = YES;
				CLANG_ENABLE_OBJC_WEAK = YES;
				CLANG_WARN_BLOCK_CAPTURE_AUTORELEASING = YES;
				CLANG_WARN_BOOL_CONVERSION = YES;
				CLANG_WARN_COMMA = YES;
				CLANG_WARN_CONSTANT_CONVERSION = YES;
				CLANG_WARN_DEPRECATED_OBJC_IMPLEMENTATIONS = YES;
				CLANG_WARN_DIRECT_OBJC_ISA_USAGE = YES_ERROR;
				CLANG_WARN_DOCUMENTATION_COMMENTS = YES;
				CLANG_WARN_EMPTY_BODY = YES;
				CLANG_WARN_ENUM_CONVERSION = YES;
				CLANG_WARN_INFINITE_RECURSION = YES;
				CLANG_WARN_INT_CONVERSION = YES;
				CLANG_WARN_NON_LITERAL_NULL_CONVERSION = YES;
				CLANG_WARN_OBJC_IMPLICIT_RETAIN_SELF = YES;
				CLANG_WARN_OBJC_LITERAL_CONVERSION = YES;
				CLANG_WARN_OBJC_ROOT_CLASS = YES_ERROR;
				CLANG_WARN_RANGE_LOOP_ANALYSIS = YES;
				CLANG_WARN_STRICT_PROTOTYPES = YES;
				CLANG_WARN_SUSPICIOUS_MOVE = YES;
				CLANG_WARN_UNGUARDED_AVAILABILITY = YES_AGGRESSIVE;
				CLANG_WARN_UNREACHABLE_CODE = YES;
				CLANG_WARN__DUPLICATE_METHOD_MATCH = YES;
				COPY_PHASE_STRIP = NO;
				CURRENT_PROJECT_VERSION = 1;
				DEBUG_INFORMATION_FORMAT = dwarf;
				ENABLE_STRICT_OBJC_MSGSEND = YES;
				ENABLE_TESTABILITY = YES;
				GCC_C_LANGUAGE_STANDARD = gnu11;
				GCC_DYNAMIC_NO_PIC = NO;
				GCC_NO_COMMON_BLOCKS = YES;
				GCC_OPTIMIZATION_LEVEL = 0;
				GCC_PREPROCESSOR_DEFINITIONS = (
					"DEBUG=1",
					"$(inherited)",
				);
				GCC_WARN_64_TO_32_BIT_CONVERSION = YES;
				GCC_WARN_ABOUT_RETURN_TYPE = YES_ERROR;
				GCC_WARN_UNDECLARED_SELECTOR = YES;
				GCC_WARN_UNINITIALIZED_AUTOS = YES_AGGRESSIVE;
				GCC_WARN_UNUSED_FUNCTION = YES;
				GCC_WARN_UNUSED_VARIABLE = YES;
				MACOSX_DEPLOYMENT_TARGET = 10.15;
				MTL_ENABLE_DEBUG_INFO = INCLUDE_SOURCE;
				MTL_FAST_MATH = YES;
				ONLY_ACTIVE_ARCH = YES;
				SDKROOT = macosx;
				SWIFT_ACTIVE_COMPILATION_CONDITIONS = DEBUG;
				SWIFT_OPTIMIZATION_LEVEL = "-Onone";
				VERSIONING_SYSTEM = "apple-generic";
				VERSION_INFO_PREFIX = "";
			};
			name = Debug;
		};
		76C34518252653EA00C07984 /* Release */ = {
			isa = XCBuildConfiguration;
			buildSettings = {
				ALWAYS_SEARCH_USER_PATHS = NO;
				CLANG_ANALYZER_NONNULL = YES;
				CLANG_ANALYZER_NUMBER_OBJECT_CONVERSION = YES_AGGRESSIVE;
				CLANG_CXX_LANGUAGE_STANDARD = "gnu++14";
				CLANG_CXX_LIBRARY = "libc++";
				CLANG_ENABLE_MODULES = YES;
				CLANG_ENABLE_OBJC_ARC = YES;
				CLANG_ENABLE_OBJC_WEAK = YES;
				CLANG_WARN_BLOCK_CAPTURE_AUTORELEASING = YES;
				CLANG_WARN_BOOL_CONVERSION = YES;
				CLANG_WARN_COMMA = YES;
				CLANG_WARN_CONSTANT_CONVERSION = YES;
				CLANG_WARN_DEPRECATED_OBJC_IMPLEMENTATIONS = YES;
				CLANG_WARN_DIRECT_OBJC_ISA_USAGE = YES_ERROR;
				CLANG_WARN_DOCUMENTATION_COMMENTS = YES;
				CLANG_WARN_EMPTY_BODY = YES;
				CLANG_WARN_ENUM_CONVERSION = YES;
				CLANG_WARN_INFINITE_RECURSION = YES;
				CLANG_WARN_INT_CONVERSION = YES;
				CLANG_WARN_NON_LITERAL_NULL_CONVERSION = YES;
				CLANG_WARN_OBJC_IMPLICIT_RETAIN_SELF = YES;
				CLANG_WARN_OBJC_LITERAL_CONVERSION = YES;
				CLANG_WARN_OBJC_ROOT_CLASS = YES_ERROR;
				CLANG_WARN_RANGE_LOOP_ANALYSIS = YES;
				CLANG_WARN_STRICT_PROTOTYPES = YES;
				CLANG_WARN_SUSPICIOUS_MOVE = YES;
				CLANG_WARN_UNGUARDED_AVAILABILITY = YES_AGGRESSIVE;
				CLANG_WARN_UNREACHABLE_CODE = YES;
				CLANG_WARN__DUPLICATE_METHOD_MATCH = YES;
				COPY_PHASE_STRIP = NO;
				CURRENT_PROJECT_VERSION = 1;
				DEBUG_INFORMATION_FORMAT = "dwarf-with-dsym";
				ENABLE_NS_ASSERTIONS = NO;
				ENABLE_STRICT_OBJC_MSGSEND = YES;
				GCC_C_LANGUAGE_STANDARD = gnu11;
				GCC_NO_COMMON_BLOCKS = YES;
				GCC_WARN_64_TO_32_BIT_CONVERSION = YES;
				GCC_WARN_ABOUT_RETURN_TYPE = YES_ERROR;
				GCC_WARN_UNDECLARED_SELECTOR = YES;
				GCC_WARN_UNINITIALIZED_AUTOS = YES_AGGRESSIVE;
				GCC_WARN_UNUSED_FUNCTION = YES;
				GCC_WARN_UNUSED_VARIABLE = YES;
				MACOSX_DEPLOYMENT_TARGET = 10.15;
				MTL_ENABLE_DEBUG_INFO = NO;
				MTL_FAST_MATH = YES;
				SDKROOT = macosx;
				SWIFT_COMPILATION_MODE = wholemodule;
				SWIFT_OPTIMIZATION_LEVEL = "-O";
				VERSIONING_SYSTEM = "apple-generic";
				VERSION_INFO_PREFIX = "";
			};
			name = Release;
		};
		76C3451A252653EA00C07984 /* Debug */ = {
			isa = XCBuildConfiguration;
			buildSettings = {
				CLANG_ENABLE_MODULES = YES;
				CODE_SIGN_STYLE = Automatic;
				COMBINE_HIDPI_IMAGES = YES;
				DEFINES_MODULE = YES;
				DEVELOPMENT_TEAM = F342975UV4;
				DYLIB_COMPATIBILITY_VERSION = 1;
				DYLIB_CURRENT_VERSION = 1;
				DYLIB_INSTALL_NAME_BASE = "@rpath";
				INFOPLIST_FILE = FPFeed/Info.plist;
				INSTALL_PATH = "$(LOCAL_LIBRARY_DIR)/Frameworks";
				LD_RUNPATH_SEARCH_PATHS = (
					"$(inherited)",
					"@executable_path/../Frameworks",
					"@loader_path/Frameworks",
				);
				PRODUCT_BUNDLE_IDENTIFIER = net.efepe.FPFeed;
				PRODUCT_NAME = "$(TARGET_NAME:c99extidentifier)";
				SKIP_INSTALL = YES;
				SUPPORTED_PLATFORMS = "macosx iphoneos iphonesimulator";
				SWIFT_OPTIMIZATION_LEVEL = "-Onone";
				SWIFT_VERSION = 5.0;
			};
			name = Debug;
		};
		76C3451B252653EA00C07984 /* Release */ = {
			isa = XCBuildConfiguration;
			buildSettings = {
				CLANG_ENABLE_MODULES = YES;
				CODE_SIGN_STYLE = Automatic;
				COMBINE_HIDPI_IMAGES = YES;
				DEFINES_MODULE = YES;
				DEVELOPMENT_TEAM = F342975UV4;
				DYLIB_COMPATIBILITY_VERSION = 1;
				DYLIB_CURRENT_VERSION = 1;
				DYLIB_INSTALL_NAME_BASE = "@rpath";
				INFOPLIST_FILE = FPFeed/Info.plist;
				INSTALL_PATH = "$(LOCAL_LIBRARY_DIR)/Frameworks";
				LD_RUNPATH_SEARCH_PATHS = (
					"$(inherited)",
					"@executable_path/../Frameworks",
					"@loader_path/Frameworks",
				);
				PRODUCT_BUNDLE_IDENTIFIER = net.efepe.FPFeed;
				PRODUCT_NAME = "$(TARGET_NAME:c99extidentifier)";
				SKIP_INSTALL = YES;
				SUPPORTED_PLATFORMS = "macosx iphoneos iphonesimulator";
				SWIFT_VERSION = 5.0;
			};
			name = Release;
		};
		76C3451D252653EA00C07984 /* Debug */ = {
			isa = XCBuildConfiguration;
			buildSettings = {
				ALWAYS_EMBED_SWIFT_STANDARD_LIBRARIES = YES;
				CLANG_ENABLE_MODULES = YES;
				CODE_SIGN_STYLE = Automatic;
				COMBINE_HIDPI_IMAGES = YES;
				DEVELOPMENT_TEAM = F342975UV4;
				INFOPLIST_FILE = FPFeedTests/Info.plist;
				LD_RUNPATH_SEARCH_PATHS = (
					"$(inherited)",
					"@executable_path/../Frameworks",
					"@loader_path/../Frameworks",
				);
				PRODUCT_BUNDLE_IDENTIFIER = net.efepe.FPFeedTests;
				PRODUCT_NAME = "$(TARGET_NAME)";
				SUPPORTED_PLATFORMS = "macosx iphonesimulator iphoneos";
				SWIFT_OPTIMIZATION_LEVEL = "-Onone";
				SWIFT_VERSION = 5.0;
			};
			name = Debug;
		};
		76C3451E252653EA00C07984 /* Release */ = {
			isa = XCBuildConfiguration;
			buildSettings = {
				ALWAYS_EMBED_SWIFT_STANDARD_LIBRARIES = YES;
				CLANG_ENABLE_MODULES = YES;
				CODE_SIGN_STYLE = Automatic;
				COMBINE_HIDPI_IMAGES = YES;
				DEVELOPMENT_TEAM = F342975UV4;
				INFOPLIST_FILE = FPFeedTests/Info.plist;
				LD_RUNPATH_SEARCH_PATHS = (
					"$(inherited)",
					"@executable_path/../Frameworks",
					"@loader_path/../Frameworks",
				);
				PRODUCT_BUNDLE_IDENTIFIER = net.efepe.FPFeedTests;
				PRODUCT_NAME = "$(TARGET_NAME)";
				SUPPORTED_PLATFORMS = "macosx iphonesimulator iphoneos";
				SWIFT_VERSION = 5.0;
			};
			name = Release;
		};
/* End XCBuildConfiguration section */

/* Begin XCConfigurationList section */
		767D4B5D25ADD52C0049EF7B /* Build configuration list for PBXNativeTarget "FPFeediOS" */ = {
			isa = XCConfigurationList;
			buildConfigurations = (
				767D4B5E25ADD52C0049EF7B /* Debug */,
				767D4B5F25ADD52C0049EF7B /* Release */,
			);
			defaultConfigurationIsVisible = 0;
			defaultConfigurationName = Release;
		};
		767D4B6025ADD52C0049EF7B /* Build configuration list for PBXNativeTarget "FPFeediOSTests" */ = {
			isa = XCConfigurationList;
			buildConfigurations = (
				767D4B6125ADD52C0049EF7B /* Debug */,
				767D4B6225ADD52C0049EF7B /* Release */,
			);
			defaultConfigurationIsVisible = 0;
			defaultConfigurationName = Release;
		};
		76B6589025D5541C0012AE3E /* Build configuration list for PBXNativeTarget "FPFeedAPIEndToEndTests" */ = {
			isa = XCConfigurationList;
			buildConfigurations = (
				76B6588E25D5541C0012AE3E /* Debug */,
				76B6588F25D5541C0012AE3E /* Release */,
			);
			defaultConfigurationIsVisible = 0;
			defaultConfigurationName = Release;
		};
		76C344FF252653EA00C07984 /* Build configuration list for PBXProject "FPFeed" */ = {
			isa = XCConfigurationList;
			buildConfigurations = (
				76C34517252653EA00C07984 /* Debug */,
				76C34518252653EA00C07984 /* Release */,
			);
			defaultConfigurationIsVisible = 0;
			defaultConfigurationName = Release;
		};
		76C34519252653EA00C07984 /* Build configuration list for PBXNativeTarget "FPFeed" */ = {
			isa = XCConfigurationList;
			buildConfigurations = (
				76C3451A252653EA00C07984 /* Debug */,
				76C3451B252653EA00C07984 /* Release */,
			);
			defaultConfigurationIsVisible = 0;
			defaultConfigurationName = Release;
		};
		76C3451C252653EA00C07984 /* Build configuration list for PBXNativeTarget "FPFeedTests" */ = {
			isa = XCConfigurationList;
			buildConfigurations = (
				76C3451D252653EA00C07984 /* Debug */,
				76C3451E252653EA00C07984 /* Release */,
			);
			defaultConfigurationIsVisible = 0;
			defaultConfigurationName = Release;
		};
/* End XCConfigurationList section */
	};
	rootObject = 76C344FC252653EA00C07984 /* Project object */;
}
